
Microsoft Visual Studio Solution File, Format Version 12.00
# Visual Studio 2012
Project("{FAE04EC0-301F-11D3-BF4B-00C04F79EFBC}") = "PruebaDDD.UI", "PruebaDDD.UI\PruebaDDD.UI.csproj", "{DDDD8509-3726-42F5-9A30-5CD508619B14}"
EndProject
Project("{2150E333-8FDC-42A3-9474-1A3956D46DE8}") = "1. Presentación", "1. Presentación", "{607C9863-BD58-42F3-AF6B-F601827DA1D2}"
EndProject
Project("{2150E333-8FDC-42A3-9474-1A3956D46DE8}") = "2. Aplicación", "2. Aplicación", "{A45ED375-3CFE-489A-B397-44556D1E793B}"
EndProject
Project("{2150E333-8FDC-42A3-9474-1A3956D46DE8}") = "3. Dominio", "3. Dominio", "{574B4D82-6E02-4883-84EC-28D83E3AB768}"
EndProject
Project("{2150E333-8FDC-42A3-9474-1A3956D46DE8}") = "4. Infraestructura", "4. Infraestructura", "{342EEDD4-8A06-469D-9E42-48B96567011C}"
EndProject
Project("{2150E333-8FDC-42A3-9474-1A3956D46DE8}") = "4.1. Datos", "4.1. Datos", "{662462CA-8BE5-40CA-80B8-4022D1952EF4}"
EndProject
Project("{2150E333-8FDC-42A3-9474-1A3956D46DE8}") = "4.2. Transversal", "4.2. Transversal", "{09ED9C68-7576-4D2D-ABA5-76A51CFC30BE}"
EndProject
Project("{FAE04EC0-301F-11D3-BF4B-00C04F79EFBC}") = "Dominio.Core", "Dominio.Core\Dominio.Core.csproj", "{541F8918-AEB5-46CB-BCCB-EECF2AC6060C}"
EndProject
Project("{FAE04EC0-301F-11D3-BF4B-00C04F79EFBC}") = "Dominio.Contratos", "Dominio.Contratos\Dominio.Contratos.csproj", "{9C5BF11A-55D1-4379-B519-71B3D72C95E3}"
EndProject
Project("{FAE04EC0-301F-11D3-BF4B-00C04F79EFBC}") = "Dominio.Implementacion", "Dominio.Implementacion\Dominio.Implementacion.csproj", "{C1F42A8C-DA14-4A62-9831-BD7F5045DBEB}"
EndProject
Project("{FAE04EC0-301F-11D3-BF4B-00C04F79EFBC}") = "Datos.Persistencia.Core", "Datos.Persistencia.Core\Datos.Persistencia.Core.csproj", "{559D2913-B41A-4B54-94CF-C3199329F7B7}"
EndProject
Project("{FAE04EC0-301F-11D3-BF4B-00C04F79EFBC}") = "Utilitarios.Base", "Utilitarios.Base\Utilitarios.Base.csproj", "{FA12AD09-F1AE-49F1-8599-7880014CDB67}"
EndProject
Project("{FAE04EC0-301F-11D3-BF4B-00C04F79EFBC}") = "Utilitarios.IoC", "Utilitarios.IoC\Utilitarios.IoC.csproj", "{4C2B15A7-89B9-4C35-B32A-D5B451CD68C0}"
EndProject
Project("{2150E333-8FDC-42A3-9474-1A3956D46DE8}") = ".nuget", ".nuget", "{1862C9E5-651E-42FD-9057-6A4C2571DDE9}"
	ProjectSection(SolutionItems) = preProject
		.nuget\NuGet.Config = .nuget\NuGet.Config
		.nuget\NuGet.exe = .nuget\NuGet.exe
		.nuget\NuGet.targets = .nuget\NuGet.targets
	EndProjectSection
EndProject
Project("{FAE04EC0-301F-11D3-BF4B-00C04F79EFBC}") = "Datos.Persistencia.Repositorios", "Datos.Persistencia.Repositorios\Datos.Persistencia.Repositorios.csproj", "{C4D14148-9FA2-49A1-A7A2-DDCEB5FCD504}"
EndProject
Project("{FAE04EC0-301F-11D3-BF4B-00C04F79EFBC}") = "Datos.Persistencia.Implementacion", "Datos.Persistencia.Implementacion\Datos.Persistencia.Implementacion.csproj", "{97D7DA3B-DCCB-4036-BBE9-E5DB37418806}"
EndProject
Project("{FAE04EC0-301F-11D3-BF4B-00C04F79EFBC}") = "Aplicacion.Contratos", "Aplicacion.Contratos\Aplicacion.Contratos.csproj", "{92C134D6-BDEB-4815-AF5A-26EF3195F5AD}"
EndProject
Project("{FAE04EC0-301F-11D3-BF4B-00C04F79EFBC}") = "Aplicacion.Implementacion", "Aplicacion.Implementacion\Aplicacion.Implementacion.csproj", "{3F96B0BB-98BC-4318-A078-C677884839B0}"
EndProject
Project("{FAE04EC0-301F-11D3-BF4B-00C04F79EFBC}") = "Aplicacion.Core", "Aplicacion.Core\Aplicacion.Core.csproj", "{0C608672-383D-48ED-AC09-A5911A1864CE}"
EndProject
Global
	GlobalSection(SolutionConfigurationPlatforms) = preSolution
		Debug|Any CPU = Debug|Any CPU
		Release|Any CPU = Release|Any CPU
	EndGlobalSection
	GlobalSection(ProjectConfigurationPlatforms) = postSolution
		{DDDD8509-3726-42F5-9A30-5CD508619B14}.Debug|Any CPU.ActiveCfg = Debug|Any CPU
		{DDDD8509-3726-42F5-9A30-5CD508619B14}.Debug|Any CPU.Build.0 = Debug|Any CPU
		{DDDD8509-3726-42F5-9A30-5CD508619B14}.Release|Any CPU.ActiveCfg = Release|Any CPU
		{DDDD8509-3726-42F5-9A30-5CD508619B14}.Release|Any CPU.Build.0 = Release|Any CPU
		{541F8918-AEB5-46CB-BCCB-EECF2AC6060C}.Debug|Any CPU.ActiveCfg = Debug|Any CPU
		{541F8918-AEB5-46CB-BCCB-EECF2AC6060C}.Debug|Any CPU.Build.0 = Debug|Any CPU
		{541F8918-AEB5-46CB-BCCB-EECF2AC6060C}.Release|Any CPU.ActiveCfg = Release|Any CPU
		{541F8918-AEB5-46CB-BCCB-EECF2AC6060C}.Release|Any CPU.Build.0 = Release|Any CPU
		{9C5BF11A-55D1-4379-B519-71B3D72C95E3}.Debug|Any CPU.ActiveCfg = Debug|Any CPU
		{9C5BF11A-55D1-4379-B519-71B3D72C95E3}.Debug|Any CPU.Build.0 = Debug|Any CPU
		{9C5BF11A-55D1-4379-B519-71B3D72C95E3}.Release|Any CPU.ActiveCfg = Release|Any CPU
		{9C5BF11A-55D1-4379-B519-71B3D72C95E3}.Release|Any CPU.Build.0 = Release|Any CPU
		{C1F42A8C-DA14-4A62-9831-BD7F5045DBEB}.Debug|Any CPU.ActiveCfg = Debug|Any CPU
		{C1F42A8C-DA14-4A62-9831-BD7F5045DBEB}.Debug|Any CPU.Build.0 = Debug|Any CPU
		{C1F42A8C-DA14-4A62-9831-BD7F5045DBEB}.Release|Any CPU.ActiveCfg = Release|Any CPU
		{C1F42A8C-DA14-4A62-9831-BD7F5045DBEB}.Release|Any CPU.Build.0 = Release|Any CPU
		{559D2913-B41A-4B54-94CF-C3199329F7B7}.Debug|Any CPU.ActiveCfg = Debug|Any CPU
		{559D2913-B41A-4B54-94CF-C3199329F7B7}.Debug|Any CPU.Build.0 = Debug|Any CPU
		{559D2913-B41A-4B54-94CF-C3199329F7B7}.Release|Any CPU.ActiveCfg = Release|Any CPU
		{559D2913-B41A-4B54-94CF-C3199329F7B7}.Release|Any CPU.Build.0 = Release|Any CPU
		{FA12AD09-F1AE-49F1-8599-7880014CDB67}.Debug|Any CPU.ActiveCfg = Debug|Any CPU
		{FA12AD09-F1AE-49F1-8599-7880014CDB67}.Debug|Any CPU.Build.0 = Debug|Any CPU
		{FA12AD09-F1AE-49F1-8599-7880014CDB67}.Release|Any CPU.ActiveCfg = Release|Any CPU
		{FA12AD09-F1AE-49F1-8599-7880014CDB67}.Release|Any CPU.Build.0 = Release|Any CPU
		{4C2B15A7-89B9-4C35-B32A-D5B451CD68C0}.Debug|Any CPU.ActiveCfg = Debug|Any CPU
		{4C2B15A7-89B9-4C35-B32A-D5B451CD68C0}.Debug|Any CPU.Build.0 = Debug|Any CPU
		{4C2B15A7-89B9-4C35-B32A-D5B451CD68C0}.Release|Any CPU.ActiveCfg = Release|Any CPU
		{4C2B15A7-89B9-4C35-B32A-D5B451CD68C0}.Release|Any CPU.Build.0 = Release|Any CPU
		{C4D14148-9FA2-49A1-A7A2-DDCEB5FCD504}.Debug|Any CPU.ActiveCfg = Debug|Any CPU
		{C4D14148-9FA2-49A1-A7A2-DDCEB5FCD504}.Debug|Any CPU.Build.0 = Debug|Any CPU
		{C4D14148-9FA2-49A1-A7A2-DDCEB5FCD504}.Release|Any CPU.ActiveCfg = Release|Any CPU
		{C4D14148-9FA2-49A1-A7A2-DDCEB5FCD504}.Release|Any CPU.Build.0 = Release|Any CPU
		{97D7DA3B-DCCB-4036-BBE9-E5DB37418806}.Debug|Any CPU.ActiveCfg = Debug|Any CPU
		{97D7DA3B-DCCB-4036-BBE9-E5DB37418806}.Debug|Any CPU.Build.0 = Debug|Any CPU
		{97D7DA3B-DCCB-4036-BBE9-E5DB37418806}.Release|Any CPU.ActiveCfg = Release|Any CPU
		{97D7DA3B-DCCB-4036-BBE9-E5DB37418806}.Release|Any CPU.Build.0 = Release|Any CPU
		{92C134D6-BDEB-4815-AF5A-26EF3195F5AD}.Debug|Any CPU.ActiveCfg = Debug|Any CPU
		{92C134D6-BDEB-4815-AF5A-26EF3195F5AD}.Debug|Any CPU.Build.0 = Debug|Any CPU
		{92C134D6-BDEB-4815-AF5A-26EF3195F5AD}.Release|Any CPU.ActiveCfg = Release|Any CPU
		{92C134D6-BDEB-4815-AF5A-26EF3195F5AD}.Release|Any CPU.Build.0 = Release|Any CPU
		{3F96B0BB-98BC-4318-A078-C677884839B0}.Debug|Any CPU.ActiveCfg = Debug|Any CPU
		{3F96B0BB-98BC-4318-A078-C677884839B0}.Debug|Any CPU.Build.0 = Debug|Any CPU
		{3F96B0BB-98BC-4318-A078-C677884839B0}.Release|Any CPU.ActiveCfg = Release|Any CPU
		{3F96B0BB-98BC-4318-A078-C677884839B0}.Release|Any CPU.Build.0 = Release|Any CPU
		{0C608672-383D-48ED-AC09-A5911A1864CE}.Debug|Any CPU.ActiveCfg = Debug|Any CPU
		{0C608672-383D-48ED-AC09-A5911A1864CE}.Debug|Any CPU.Build.0 = Debug|Any CPU
		{0C608672-383D-48ED-AC09-A5911A1864CE}.Release|Any CPU.ActiveCfg = Release|Any CPU
		{0C608672-383D-48ED-AC09-A5911A1864CE}.Release|Any CPU.Build.0 = Release|Any CPU
	EndGlobalSection
	GlobalSection(SolutionProperties) = preSolution
		HideSolutionNode = FALSE
	EndGlobalSection
	GlobalSection(NestedProjects) = preSolution
		{DDDD8509-3726-42F5-9A30-5CD508619B14} = {607C9863-BD58-42F3-AF6B-F601827DA1D2}
		{92C134D6-BDEB-4815-AF5A-26EF3195F5AD} = {A45ED375-3CFE-489A-B397-44556D1E793B}
		{3F96B0BB-98BC-4318-A078-C677884839B0} = {A45ED375-3CFE-489A-B397-44556D1E793B}
		{0C608672-383D-48ED-AC09-A5911A1864CE} = {A45ED375-3CFE-489A-B397-44556D1E793B}
		{541F8918-AEB5-46CB-BCCB-EECF2AC6060C} = {574B4D82-6E02-4883-84EC-28D83E3AB768}
		{9C5BF11A-55D1-4379-B519-71B3D72C95E3} = {574B4D82-6E02-4883-84EC-28D83E3AB768}
		{C1F42A8C-DA14-4A62-9831-BD7F5045DBEB} = {574B4D82-6E02-4883-84EC-28D83E3AB768}
		{662462CA-8BE5-40CA-80B8-4022D1952EF4} = {342EEDD4-8A06-469D-9E42-48B96567011C}
		{09ED9C68-7576-4D2D-ABA5-76A51CFC30BE} = {342EEDD4-8A06-469D-9E42-48B96567011C}
		{559D2913-B41A-4B54-94CF-C3199329F7B7} = {662462CA-8BE5-40CA-80B8-4022D1952EF4}
		{C4D14148-9FA2-49A1-A7A2-DDCEB5FCD504} = {662462CA-8BE5-40CA-80B8-4022D1952EF4}
		{97D7DA3B-DCCB-4036-BBE9-E5DB37418806} = {662462CA-8BE5-40CA-80B8-4022D1952EF4}
		{FA12AD09-F1AE-49F1-8599-7880014CDB67} = {09ED9C68-7576-4D2D-ABA5-76A51CFC30BE}
		{4C2B15A7-89B9-4C35-B32A-D5B451CD68C0} = {09ED9C68-7576-4D2D-ABA5-76A51CFC30BE}
	EndGlobalSection
EndGlobal
